
Microsoft Visual Studio Solution File, Format Version 12.00
# Visual Studio 14
VisualStudioVersion = 14.0.25123.0
MinimumVisualStudioVersion = 10.0.40219.1
Project("{FAE04EC0-301F-11D3-BF4B-00C04F79EFBC}") = "Omnitory", "Omnitory\Omnitory.csproj", "{24DB5285-4197-4ABB-B925-97222E445581}"
EndProject
Project("{FAE04EC0-301F-11D3-BF4B-00C04F79EFBC}") = "OmnitoryAndroid", "OmnitoryAndroid\OmnitoryAndroid.csproj", "{7E620897-863A-4A91-A1E3-450A0EFD6883}"
EndProject
Global
	GlobalSection(SolutionConfigurationPlatforms) = preSolution
		Debug|Any CPU = Debug|Any CPU
		Release|Any CPU = Release|Any CPU
	EndGlobalSection
	GlobalSection(ProjectConfigurationPlatforms) = postSolution
		{24DB5285-4197-4ABB-B925-97222E445581}.Debug|Any CPU.ActiveCfg = Debug|Any CPU
		{24DB5285-4197-4ABB-B925-97222E445581}.Debug|Any CPU.Build.0 = Debug|Any CPU
		{24DB5285-4197-4ABB-B925-97222E445581}.Release|Any CPU.ActiveCfg = Release|Any CPU
		{24DB5285-4197-4ABB-B925-97222E445581}.Release|Any CPU.Build.0 = Release|Any CPU
		{7E620897-863A-4A91-A1E3-450A0EFD6883}.Debug|Any CPU.ActiveCfg = Debug|Any CPU
		{7E620897-863A-4A91-A1E3-450A0EFD6883}.Debug|Any CPU.Build.0 = Debug|Any CPU
		{7E620897-863A-4A91-A1E3-450A0EFD6883}.Debug|Any CPU.Deploy.0 = Debug|Any CPU
		{7E620897-863A-4A91-A1E3-450A0EFD6883}.Release|Any CPU.ActiveCfg = Release|Any CPU
		{7E620897-863A-4A91-A1E3-450A0EFD6883}.Release|Any CPU.Build.0 = Release|Any CPU
		{7E620897-863A-4A91-A1E3-450A0EFD6883}.Release|Any CPU.Deploy.0 = Release|Any CPU
	EndGlobalSection
	GlobalSection(SolutionProperties) = preSolution
		HideSolutionNode = FALSE
	EndGlobalSection
	GlobalSection(ExtensibilityGlobals) = postSolution
		EnterpriseLibraryConfigurationToolBinariesPathV6 = packages\EnterpriseLibrary.TransientFaultHandling.6.0.1304.0\lib\portable-net45+win+wp8;packages\EnterpriseLibrary.TransientFaultHandling.Data.6.0.1304.1\lib\NET45
	EndGlobalSection
EndGlobal
